
Microsoft Visual Studio Solution File, Format Version 12.00
# Visual Studio Version 17
VisualStudioVersion = 17.8.34322.80
MinimumVisualStudioVersion = 10.0.40219.1
Project("{FAE04EC0-301F-11D3-BF4B-00C04F79EFBC}") = "WinFormsApp1", "WinFormsApp1.csproj", "{D0EBEFA1-DEEF-44A4-A009-5BAABA680C67}"
EndProject
Global
	GlobalSection(SolutionConfigurationPlatforms) = preSolution
		Debug|Any CPU = Debug|Any CPU
		Release|Any CPU = Release|Any CPU
	EndGlobalSection
	GlobalSection(ProjectConfigurationPlatforms) = postSolution
		{D0EBEFA1-DEEF-44A4-A009-5BAABA680C67}.Debug|Any CPU.ActiveCfg = Debug|Any CPU
		{D0EBEFA1-DEEF-44A4-A009-5BAABA680C67}.Debug|Any CPU.Build.0 = Debug|Any CPU
		{D0EBEFA1-DEEF-44A4-A009-5BAABA680C67}.Release|Any CPU.ActiveCfg = Release|Any CPU
		{D0EBEFA1-DEEF-44A4-A009-5BAABA680C67}.Release|Any CPU.Build.0 = Release|Any CPU
	EndGlobalSection
	GlobalSection(SolutionProperties) = preSolution
		HideSolutionNode = FALSE
	EndGlobalSection
	GlobalSection(ExtensibilityGlobals) = postSolution
		SolutionGuid = {437F75B8-C962-4827-B49B-9CCB34D6BA5D}
	EndGlobalSection
EndGlobal
